
Microsoft Visual Studio Solution File, Format Version 12.00
# Visual Studio Version 15
VisualStudioVersion = 15.0.27130.2010
MinimumVisualStudioVersion = 10.0.40219.1
Project("{FAE04EC0-301F-11D3-BF4B-00C04F79EFBC}") = "ValueObject", "ValueObject\ValueObject.csproj", "{278EE377-7904-418D-8716-4E49EBEB896B}"
EndProject
Project("{FAE04EC0-301F-11D3-BF4B-00C04F79EFBC}") = "ValueObjectTests", "ValueObjectTests\ValueObjectTests.csproj", "{FD6CBC7E-2335-4B0E-9559-5D21F61327B9}"
EndProject
Global
	GlobalSection(SolutionConfigurationPlatforms) = preSolution
		Debug|Any CPU = Debug|Any CPU
		Release|Any CPU = Release|Any CPU
	EndGlobalSection
	GlobalSection(ProjectConfigurationPlatforms) = postSolution
		{278EE377-7904-418D-8716-4E49EBEB896B}.Debug|Any CPU.ActiveCfg = Debug|Any CPU
		{278EE377-7904-418D-8716-4E49EBEB896B}.Debug|Any CPU.Build.0 = Debug|Any CPU
		{278EE377-7904-418D-8716-4E49EBEB896B}.Release|Any CPU.ActiveCfg = Release|Any CPU
		{278EE377-7904-418D-8716-4E49EBEB896B}.Release|Any CPU.Build.0 = Release|Any CPU
		{FD6CBC7E-2335-4B0E-9559-5D21F61327B9}.Debug|Any CPU.ActiveCfg = Debug|Any CPU
		{FD6CBC7E-2335-4B0E-9559-5D21F61327B9}.Debug|Any CPU.Build.0 = Debug|Any CPU
		{FD6CBC7E-2335-4B0E-9559-5D21F61327B9}.Release|Any CPU.ActiveCfg = Release|Any CPU
		{FD6CBC7E-2335-4B0E-9559-5D21F61327B9}.Release|Any CPU.Build.0 = Release|Any CPU
	EndGlobalSection
	GlobalSection(SolutionProperties) = preSolution
		HideSolutionNode = FALSE
	EndGlobalSection
	GlobalSection(ExtensibilityGlobals) = postSolution
		SolutionGuid = {C4AA4B74-C442-4E94-BFCE-24AC28F08037}
	EndGlobalSection
EndGlobal
